
Microsoft Visual Studio Solution File, Format Version 12.00
# Visual Studio Version 17
VisualStudioVersion = 17.2.32630.192
MinimumVisualStudioVersion = 10.0.40219.1
Project("{FAE04EC0-301F-11D3-BF4B-00C04F79EFBC}") = "Proje_OOP", "Proje_OOP\Proje_OOP.csproj", "{06909241-E7EB-497B-920E-40CED6989256}"
EndProject
Global
	GlobalSection(SolutionConfigurationPlatforms) = preSolution
		Debug|Any CPU = Debug|Any CPU
		Release|Any CPU = Release|Any CPU
	EndGlobalSection
	GlobalSection(ProjectConfigurationPlatforms) = postSolution
		{06909241-E7EB-497B-920E-40CED6989256}.Debug|Any CPU.ActiveCfg = Debug|Any CPU
		{06909241-E7EB-497B-920E-40CED6989256}.Debug|Any CPU.Build.0 = Debug|Any CPU
		{06909241-E7EB-497B-920E-40CED6989256}.Release|Any CPU.ActiveCfg = Release|Any CPU
		{06909241-E7EB-497B-920E-40CED6989256}.Release|Any CPU.Build.0 = Release|Any CPU
	EndGlobalSection
	GlobalSection(SolutionProperties) = preSolution
		HideSolutionNode = FALSE
	EndGlobalSection
	GlobalSection(ExtensibilityGlobals) = postSolution
		SolutionGuid = {BEC6FC95-311E-4338-BF73-46C9AFD12F82}
	EndGlobalSection
EndGlobal
